<?xml version="1.0" encoding="UTF-8"?>
<!DOCTYPE plist PUBLIC "-//Apple//DTD PLIST 1.0//EN" "http://www.apple.com/DTDs/PropertyList-1.0.dtd">
<plist version="1.0">
<dict>
	<key>hostname</key>
	<string>GC02SH1NCG8WPE</string>
	<key>hostuuid</key>
	<string>DA6B320B-6170-5D77-8F5C-8A77EEFED77F</string>
	<key>pid</key>
	<integer>1535</integer>
	<key>processname</key>
	<string>photolibraryd</string>
	<key>uid</key>
	<integer>501</integer>
</dict>
</plist>
